// !$*UTF8*$!
{
	archiveVersion = 1;
	classes = {
	};
	objectVersion = 46;
	objects = {
/* Begin PBXBuildFile section */
		0207DA581B56EA530066E2B4 /* Images.xcassets in Resources */ = {isa = PBXBuildFile; fileRef = 0207DA571B56EA530066E2B4 /* Images.xcassets */; };
		13DE93BC810743D4BF55C16C /* CDVInAppBrowser.m in Sources */ = {isa = PBXBuildFile; fileRef = 63810B0636A644FCB5F86D6B /* CDVInAppBrowser.m */; };
		1D3623260D0F684500981E51 /* AppDelegate.m in Sources */ = {isa = PBXBuildFile; fileRef = 1D3623250D0F684500981E51 /* AppDelegate.m */; };
		1D60589B0D05DD56006BFB54 /* main.m in Sources */ = {isa = PBXBuildFile; fileRef = 29B97316FDCFA39411CA2CEA /* main.m */; };
		301BF552109A68D80062928A /* libCordova.a in Frameworks */ = {isa = PBXBuildFile; fileRef = 301BF535109A57CC0062928A /* libCordova.a */; };
		302D95F114D2391D003F00A1 /* MainViewController.m in Sources */ = {isa = PBXBuildFile; fileRef = 302D95EF14D2391D003F00A1 /* MainViewController.m */; };
		302D95F214D2391D003F00A1 /* MainViewController.xib in Resources */ = {isa = PBXBuildFile; fileRef = 302D95F014D2391D003F00A1 /* MainViewController.xib */; };
		3047A5121AB8059700498E2A /* build-debug.xcconfig in Resources */ = {isa = PBXBuildFile; fileRef = 3047A50F1AB8059700498E2A /* build-debug.xcconfig */; };
		3047A5131AB8059700498E2A /* build-release.xcconfig in Resources */ = {isa = PBXBuildFile; fileRef = 3047A5101AB8059700498E2A /* build-release.xcconfig */; };
		3047A5141AB8059700498E2A /* build.xcconfig in Resources */ = {isa = PBXBuildFile; fileRef = 3047A5111AB8059700498E2A /* build.xcconfig */; };
		315C2EE49DBD4633ADF887E0 /* CDVFile.m in Sources */ = {isa = PBXBuildFile; fileRef = 6E7913C97BD8483E8E1D60AB /* CDVFile.m */; };
		3283A7E2BD6744A4A2668168 /* UIImage+CropScaleOrientation.m in Sources */ = {isa = PBXBuildFile; fileRef = 19132C8C66CF42E6A49F753D /* UIImage+CropScaleOrientation.m */; };
		3323B98E76E047018D721208 /* ImageIO.framework in Frameworks */ = {isa = PBXBuildFile; fileRef = 79C7283EDA6C4D659701B41B /* ImageIO.framework */; settings = {ATTRIBUTES = (Weak, ); }; };
		3FB5C03B6FC447BC94C283E0 /* CDVSplashScreen.m in Sources */ = {isa = PBXBuildFile; fileRef = 9AD6882844254C588DFC6DAB /* CDVSplashScreen.m */; };
		4317F6DD254C47F6A06176C7 /* CDVViewController+SplashScreen.m in Sources */ = {isa = PBXBuildFile; fileRef = CD4EC3405E684731B687BA2D /* CDVViewController+SplashScreen.m */; };
		4E6BA9949285486BAE4EF0FB /* CDVJpegHeaderWriter.m in Sources */ = {isa = PBXBuildFile; fileRef = 9E788288333F4EB5B25051C0 /* CDVJpegHeaderWriter.m */; };
		6181B9DCE8DB4C06858A6FDD /* CDVStatusBar.m in Sources */ = {isa = PBXBuildFile; fileRef = F6638E3B3F284CC2A7026CF6 /* CDVStatusBar.m */; };
		A2C6B5D5BA4D4EB1B4F393A3 /* CoreLocation.framework in Frameworks */ = {isa = PBXBuildFile; fileRef = 643A804182394C1D959511DC /* CoreLocation.framework */; };
		A728650571BA44E8938E7375 /* AVFoundation.framework in Frameworks */ = {isa = PBXBuildFile; fileRef = 21443B4B849C4EF19905B06C /* AVFoundation.framework */; };
		AA6E1E7AA96743B191BC3E02 /* IonicKeyboard.m in Sources */ = {isa = PBXBuildFile; fileRef = 0C3D77D9A0024537B252D727 /* IonicKeyboard.m */; };
		ACA780DEA1774464AD2BFA64 /* CDVLocalFilesystem.m in Sources */ = {isa = PBXBuildFile; fileRef = D10486226396446CB19E1500 /* CDVLocalFilesystem.m */; };
		BDCFEE5CC9D94220A7B985B0 /* CDVDevice.m in Sources */ = {isa = PBXBuildFile; fileRef = D2CC0A4F9BA743899AB8029B /* CDVDevice.m */; };
		C7DF6177456C42A981CDB0FD /* CDVAssetLibraryFilesystem.m in Sources */ = {isa = PBXBuildFile; fileRef = FCF35D0A16FB435D805D994D /* CDVAssetLibraryFilesystem.m */; };
		F3184D6A09D943789E760E25 /* CDVLogger.m in Sources */ = {isa = PBXBuildFile; fileRef = 285BD557A67A4941AB3D4D88 /* CDVLogger.m */; };
		FCAF0EB98ECB4ED7AC27ACC6 /* CDVCamera.m in Sources */ = {isa = PBXBuildFile; fileRef = B3EE3A2376944DE9879FF803 /* CDVCamera.m */; };
		77A67F240D9743A0BADDD1A8 /* AppDelegate+APPAppEvent.m in Sources */ = {isa = PBXBuildFile; fileRef = 671FCF2599BA4C2C896D7BCB /* AppDelegate+APPAppEvent.m */; };
		CB2AD91C22024C899097EAC4 /* CDVPlugin+APPAppEvent.m in Sources */ = {isa = PBXBuildFile; fileRef = 145B2BA1130C42A995802EDD /* CDVPlugin+APPAppEvent.m */; };
		A9F0C266F75C4CAA89A15D42 /* APPLocalNotification.m in Sources */ = {isa = PBXBuildFile; fileRef = 6B5194DAFE1C4CF2939D9061 /* APPLocalNotification.m */; };
		9E37A77635DF4CD181CA240E /* APPLocalNotificationOptions.m in Sources */ = {isa = PBXBuildFile; fileRef = 7731423F94E84ED5A8201407 /* APPLocalNotificationOptions.m */; };
		77236B6E3F5C4B599D6E56DF /* UIApplication+APPLocalNotification.m in Sources */ = {isa = PBXBuildFile; fileRef = D6820DDBAF9645CD805EEA67 /* UIApplication+APPLocalNotification.m */; };
		C0E77F42DFA24751A849E798 /* UILocalNotification+APPLocalNotification.m in Sources */ = {isa = PBXBuildFile; fileRef = 2CBFA222E75841898BC5AE96 /* UILocalNotification+APPLocalNotification.m */; };
		A4773768D3B948B0911B91CC /* AppDelegate+notification.m in Sources */ = {isa = PBXBuildFile; fileRef = 802216C02F5B4AA2902EC321 /* AppDelegate+notification.m */; };
		9C45557958064C19A67A7C6D /* PushPlugin.m in Sources */ = {isa = PBXBuildFile; fileRef = AF6228B5A13D4FEEB03A60A3 /* PushPlugin.m */; };
		D797C0A21C7B42A1B436B6E0 /* libGGLCloudMessaging.a in Frameworks */ = {isa = PBXBuildFile; fileRef = D969EC8D944B4A71A9FA719C /* libGGLCloudMessaging.a */; };
		B57100CB60B64353A1B89D34 /* libGGLCore.a in Frameworks */ = {isa = PBXBuildFile; fileRef = 738119C9D40246F1A3752D81 /* libGGLCore.a */; };
		F37E719550324B69B0F74B29 /* libGGLInstanceIDLib.a in Frameworks */ = {isa = PBXBuildFile; fileRef = 7A15E261CB28428498D28C29 /* libGGLInstanceIDLib.a */; };
		2A446389B02D4AF5815EB99F /* libGIP_Reachability.a in Frameworks */ = {isa = PBXBuildFile; fileRef = 9C12B9128A16450D9FC15E9F /* libGIP_Reachability.a */; };
		EC5AF1E1498342ADBB546B4A /* libGSDK_Overload.a in Frameworks */ = {isa = PBXBuildFile; fileRef = 061FFA9586114C5F9F083B16 /* libGSDK_Overload.a */; };
		95716E31BC134FCAA0D288BE /* libGTMSessionFetcher_core.a in Frameworks */ = {isa = PBXBuildFile; fileRef = 35650A7DEF3A4E49A831CA82 /* libGTMSessionFetcher_core.a */; };
		9CCF989629B0477CB64FB634 /* libGTMSessionFetcher_full.a in Frameworks */ = {isa = PBXBuildFile; fileRef = FC60822C5C3448AD960CBF74 /* libGTMSessionFetcher_full.a */; };
		701CED9B38354F258B9690ED /* libGTMStackTrace.a in Frameworks */ = {isa = PBXBuildFile; fileRef = E97DC34C07784108833145F5 /* libGTMStackTrace.a */; };
		3C6B97EEC41F4022A2CBCC36 /* libGTM_AddressBook.a in Frameworks */ = {isa = PBXBuildFile; fileRef = AAB9DBA3C1CA43CBBBCB848D /* libGTM_AddressBook.a */; };
		3A3696FF3BE94D33B794CAEB /* libGTM_DebugUtils.a in Frameworks */ = {isa = PBXBuildFile; fileRef = 610454C9A0BF4146BF9FDE8E /* libGTM_DebugUtils.a */; };
		270D62277A1446F899445F56 /* libGTM_GTMURLBuilder.a in Frameworks */ = {isa = PBXBuildFile; fileRef = 6CD9BDAAEE8B452B903FBE8A /* libGTM_GTMURLBuilder.a */; };
		6676D4E7CB8E4AF285CC2FE8 /* libGTM_KVO.a in Frameworks */ = {isa = PBXBuildFile; fileRef = 7DD61BB812CA4AF58B2A30C2 /* libGTM_KVO.a */; };
		1AFBA4109AA2425F83B34C6A /* libGTM_NSData+zlib.a in Frameworks */ = {isa = PBXBuildFile; fileRef = FF0E112EA29146E6B2EB7625 /* libGTM_NSData+zlib.a */; };
		BF05C519BAEC45E3B63A91AD /* libGTM_NSDictionary+URLArguments.a in Frameworks */ = {isa = PBXBuildFile; fileRef = CF923A8372C6486A9E9EE7EA /* libGTM_NSDictionary+URLArguments.a */; };
		FAD7C3029F784CEF8FF5D9A3 /* libGTM_NSScannerJSON.a in Frameworks */ = {isa = PBXBuildFile; fileRef = 4F770067A88E433DB47AF22C /* libGTM_NSScannerJSON.a */; };
		755B0526BEE34AB194F7B778 /* libGTM_NSStringHTML.a in Frameworks */ = {isa = PBXBuildFile; fileRef = 32136D5406C1448DA69F3049 /* libGTM_NSStringHTML.a */; };
		18BA58BDEF874F0B8E882AEA /* libGTM_NSStringXML.a in Frameworks */ = {isa = PBXBuildFile; fileRef = 161A78D21C684DEF95EAAB4E /* libGTM_NSStringXML.a */; };
		1D14CE9F674F4F3B885713B9 /* libGTM_Regex.a in Frameworks */ = {isa = PBXBuildFile; fileRef = 17A413760D664F59B19F89BF /* libGTM_Regex.a */; };
		460207B9F5084406B0B2F4F8 /* libGTM_RoundedRectPath.a in Frameworks */ = {isa = PBXBuildFile; fileRef = CA8016B3D18A40D481646E0D /* libGTM_RoundedRectPath.a */; };
		2FE7679F6176447B94232EF8 /* libGTM_StringEncoding.a in Frameworks */ = {isa = PBXBuildFile; fileRef = 3892A5EC9EBC4621A8C294B9 /* libGTM_StringEncoding.a */; };
		9F8254D118174E528E47396F /* libGTM_SystemVersion.a in Frameworks */ = {isa = PBXBuildFile; fileRef = 1E950B8522794CBEAA3A0F26 /* libGTM_SystemVersion.a */; };
		879EC534B17D418BBA8C779B /* libGTM_UIFont+LineHeight.a in Frameworks */ = {isa = PBXBuildFile; fileRef = 817FA9C6E0A44F7ABFFDB844 /* libGTM_UIFont+LineHeight.a */; };
		39085D0479184507BA55817B /* libGTM_core.a in Frameworks */ = {isa = PBXBuildFile; fileRef = ABCEDB9E51BA4A058EE516DD /* libGTM_core.a */; };
		3FC2B9CDAC1E41C3BB24AC7E /* libGTM_iPhone.a in Frameworks */ = {isa = PBXBuildFile; fileRef = 76BF9C839CB84978B5C127D5 /* libGTM_iPhone.a */; };
		29A6965050434ADDBCE8917F /* libGcmLib.a in Frameworks */ = {isa = PBXBuildFile; fileRef = 52F015880AA145EEB806B208 /* libGcmLib.a */; };
		195E9922DBDD4A0AA58CE6CF /* libProtocolBuffers.a in Frameworks */ = {isa = PBXBuildFile; fileRef = BFA279EF5E894500A18258CE /* libProtocolBuffers.a */; };
		AD4662BA651F420DA5C4580A /* AddressBook.framework in Frameworks */ = {isa = PBXBuildFile; fileRef = 003C4C2A1CE4459ABA66F758 /* AddressBook.framework */; };
		32990E5177B0495689E5C80D /* libsqlite3.tbd in Resources */ = {isa = PBXBuildFile; fileRef = CF27B8D1672C4300ACE964E5 /* libsqlite3.tbd */; };
		7F6E379189BC4AF38940D562 /* libz.tbd in Resources */ = {isa = PBXBuildFile; fileRef = 1AAFFAC0935C4493AFEE06E9 /* libz.tbd */; };
/* End PBXBuildFile section */

/* Begin PBXContainerItemProxy section */
		301BF534109A57CC0062928A /* PBXContainerItemProxy */ = {
			isa = PBXContainerItemProxy;
			containerPortal = 301BF52D109A57CC0062928A /* CordovaLib.xcodeproj */;
			proxyType = 2;
			remoteGlobalIDString = D2AAC07E0554694100DB518D;
			remoteInfo = CordovaLib;
		};
		301BF550109A68C00062928A /* PBXContainerItemProxy */ = {
			isa = PBXContainerItemProxy;
			containerPortal = 301BF52D109A57CC0062928A /* CordovaLib.xcodeproj */;
			proxyType = 1;
			remoteGlobalIDString = D2AAC07D0554694100DB518D;
			remoteInfo = CordovaLib;
		};
/* End PBXContainerItemProxy section */

/* Begin PBXFileReference section */
		0207DA571B56EA530066E2B4 /* Images.xcassets */ = {isa = PBXFileReference; lastKnownFileType = folder.assetcatalog; name = Images.xcassets; path = Agendog/Images.xcassets; sourceTree = SOURCE_ROOT; };
		0C3D77D9A0024537B252D727 /* IonicKeyboard.m */ = {isa = PBXFileReference; explicitFileType = undefined; fileEncoding = 4; includeInIndex = 0; lastKnownFileType = sourcecode.c.objc; name = IonicKeyboard.m; path = "ionic-plugin-keyboard/IonicKeyboard.m"; sourceTree = "<group>"; };
		19132C8C66CF42E6A49F753D /* UIImage+CropScaleOrientation.m */ = {isa = PBXFileReference; explicitFileType = undefined; fileEncoding = 4; includeInIndex = 0; lastKnownFileType = sourcecode.c.objc; name = "UIImage+CropScaleOrientation.m"; path = "cordova-plugin-camera/UIImage+CropScaleOrientation.m"; sourceTree = "<group>"; };
		1D3623240D0F684500981E51 /* AppDelegate.h */ = {isa = PBXFileReference; fileEncoding = 4; lastKnownFileType = sourcecode.c.h; path = AppDelegate.h; sourceTree = "<group>"; };
		1D3623250D0F684500981E51 /* AppDelegate.m */ = {isa = PBXFileReference; fileEncoding = 4; lastKnownFileType = sourcecode.c.objc; path = AppDelegate.m; sourceTree = "<group>"; };
		1D6058910D05DD3D006BFB54 /* Agendog.app */ = {isa = PBXFileReference; explicitFileType = wrapper.application; includeInIndex = 0; path = Agendog.app; sourceTree = BUILT_PRODUCTS_DIR; };
		21443B4B849C4EF19905B06C /* AVFoundation.framework */ = {isa = PBXFileReference; explicitFileType = undefined; fileEncoding = 9; includeInIndex = 0; lastKnownFileType = wrapper.framework; name = AVFoundation.framework; path = System/Library/Frameworks/AVFoundation.framework; sourceTree = SDKROOT; };
		2695DCB27BEE499D82496EDD /* CDVAssetLibraryFilesystem.h */ = {isa = PBXFileReference; explicitFileType = undefined; fileEncoding = 4; includeInIndex = 0; lastKnownFileType = sourcecode.c.h; name = CDVAssetLibraryFilesystem.h; path = "cordova-plugin-file/CDVAssetLibraryFilesystem.h"; sourceTree = "<group>"; };
		285BD557A67A4941AB3D4D88 /* CDVLogger.m */ = {isa = PBXFileReference; explicitFileType = undefined; fileEncoding = 4; includeInIndex = 0; lastKnownFileType = sourcecode.c.objc; name = CDVLogger.m; path = "cordova-plugin-console/CDVLogger.m"; sourceTree = "<group>"; };
		29B97316FDCFA39411CA2CEA /* main.m */ = {isa = PBXFileReference; fileEncoding = 4; lastKnownFileType = sourcecode.c.objc; path = main.m; sourceTree = "<group>"; };
		301BF52D109A57CC0062928A /* CordovaLib.xcodeproj */ = {isa = PBXFileReference; lastKnownFileType = "wrapper.pb-project"; name = CordovaLib.xcodeproj; path = CordovaLib/CordovaLib.xcodeproj; sourceTree = "<group>"; };
		301BF56E109A69640062928A /* www */ = {isa = PBXFileReference; lastKnownFileType = folder; path = www; sourceTree = SOURCE_ROOT; };
		302D95EE14D2391D003F00A1 /* MainViewController.h */ = {isa = PBXFileReference; fileEncoding = 4; lastKnownFileType = sourcecode.c.h; path = MainViewController.h; sourceTree = "<group>"; };
		302D95EF14D2391D003F00A1 /* MainViewController.m */ = {isa = PBXFileReference; fileEncoding = 4; lastKnownFileType = sourcecode.c.objc; path = MainViewController.m; sourceTree = "<group>"; };
		302D95F014D2391D003F00A1 /* MainViewController.xib */ = {isa = PBXFileReference; fileEncoding = 4; lastKnownFileType = file.xib; path = MainViewController.xib; sourceTree = "<group>"; };
		3047A50F1AB8059700498E2A /* build-debug.xcconfig */ = {isa = PBXFileReference; fileEncoding = 4; lastKnownFileType = text.xcconfig; name = "build-debug.xcconfig"; path = "cordova/build-debug.xcconfig"; sourceTree = SOURCE_ROOT; };
		3047A5101AB8059700498E2A /* build-release.xcconfig */ = {isa = PBXFileReference; fileEncoding = 4; lastKnownFileType = text.xcconfig; name = "build-release.xcconfig"; path = "cordova/build-release.xcconfig"; sourceTree = SOURCE_ROOT; };
		3047A5111AB8059700498E2A /* build.xcconfig */ = {isa = PBXFileReference; fileEncoding = 4; lastKnownFileType = text.xcconfig; name = build.xcconfig; path = cordova/build.xcconfig; sourceTree = SOURCE_ROOT; };
		32CA4F630368D1EE00C91783 /* Agendog-Prefix.pch */ = {isa = PBXFileReference; fileEncoding = 4; lastKnownFileType = sourcecode.c.h; path = "Agendog-Prefix.pch"; sourceTree = "<group>"; };
		4636DB5335E54AD7B6B60BCE /* CDVStatusBar.h */ = {isa = PBXFileReference; explicitFileType = undefined; fileEncoding = 4; includeInIndex = 0; lastKnownFileType = sourcecode.c.h; name = CDVStatusBar.h; path = "cordova-plugin-statusbar/CDVStatusBar.h"; sourceTree = "<group>"; };
		61E02629FD3D4565BB678418 /* CDVDevice.h */ = {isa = PBXFileReference; explicitFileType = undefined; fileEncoding = 4; includeInIndex = 0; lastKnownFileType = sourcecode.c.h; name = CDVDevice.h; path = "cordova-plugin-device/CDVDevice.h"; sourceTree = "<group>"; };
		63810B0636A644FCB5F86D6B /* CDVInAppBrowser.m */ = {isa = PBXFileReference; explicitFileType = undefined; fileEncoding = 4; includeInIndex = 0; lastKnownFileType = sourcecode.c.objc; name = CDVInAppBrowser.m; path = "cordova-plugin-inappbrowser/CDVInAppBrowser.m"; sourceTree = "<group>"; };
		643A804182394C1D959511DC /* CoreLocation.framework */ = {isa = PBXFileReference; explicitFileType = undefined; fileEncoding = 9; includeInIndex = 0; lastKnownFileType = wrapper.framework; name = CoreLocation.framework; path = System/Library/Frameworks/CoreLocation.framework; sourceTree = SDKROOT; };
		671FA5914E1142959318D036 /* CDVLocalFilesystem.h */ = {isa = PBXFileReference; explicitFileType = undefined; fileEncoding = 4; includeInIndex = 0; lastKnownFileType = sourcecode.c.h; name = CDVLocalFilesystem.h; path = "cordova-plugin-file/CDVLocalFilesystem.h"; sourceTree = "<group>"; };
		6E7913C97BD8483E8E1D60AB /* CDVFile.m */ = {isa = PBXFileReference; explicitFileType = undefined; fileEncoding = 4; includeInIndex = 0; lastKnownFileType = sourcecode.c.objc; name = CDVFile.m; path = "cordova-plugin-file/CDVFile.m"; sourceTree = "<group>"; };
		79C7283EDA6C4D659701B41B /* ImageIO.framework */ = {isa = PBXFileReference; explicitFileType = undefined; fileEncoding = 9; includeInIndex = 0; lastKnownFileType = wrapper.framework; name = ImageIO.framework; path = System/Library/Frameworks/ImageIO.framework; sourceTree = SDKROOT; };
		86B25D53D88E4C0492CED638 /* CDVSplashScreen.h */ = {isa = PBXFileReference; explicitFileType = undefined; fileEncoding = 4; includeInIndex = 0; lastKnownFileType = sourcecode.c.h; name = CDVSplashScreen.h; path = "cordova-plugin-splashscreen/CDVSplashScreen.h"; sourceTree = "<group>"; };
		8D1107310486CEB800E47090 /* Agendog-Info.plist */ = {isa = PBXFileReference; fileEncoding = 4; lastKnownFileType = text.plist.xml; name = "Agendog-Info.plist"; path = "Agendog/Agendog-Info.plist"; plistStructureDefinitionIdentifier = "com.apple.xcode.plist.structure-definition.iphone.info-plist"; sourceTree = SOURCE_ROOT; };
		948384681FE944509E1A2B00 /* CDVFile.h */ = {isa = PBXFileReference; explicitFileType = undefined; fileEncoding = 4; includeInIndex = 0; lastKnownFileType = sourcecode.c.h; name = CDVFile.h; path = "cordova-plugin-file/CDVFile.h"; sourceTree = "<group>"; };
		9562850DA8EB48C5ABD73FB2 /* CDVLogger.h */ = {isa = PBXFileReference; explicitFileType = undefined; fileEncoding = 4; includeInIndex = 0; lastKnownFileType = sourcecode.c.h; name = CDVLogger.h; path = "cordova-plugin-console/CDVLogger.h"; sourceTree = "<group>"; };
		9A6CE9D502504C81A2C9C3A0 /* CDVInAppBrowser.h */ = {isa = PBXFileReference; explicitFileType = undefined; fileEncoding = 4; includeInIndex = 0; lastKnownFileType = sourcecode.c.h; name = CDVInAppBrowser.h; path = "cordova-plugin-inappbrowser/CDVInAppBrowser.h"; sourceTree = "<group>"; };
		9AD6882844254C588DFC6DAB /* CDVSplashScreen.m */ = {isa = PBXFileReference; explicitFileType = undefined; fileEncoding = 4; includeInIndex = 0; lastKnownFileType = sourcecode.c.objc; name = CDVSplashScreen.m; path = "cordova-plugin-splashscreen/CDVSplashScreen.m"; sourceTree = "<group>"; };
		9E788288333F4EB5B25051C0 /* CDVJpegHeaderWriter.m */ = {isa = PBXFileReference; explicitFileType = undefined; fileEncoding = 4; includeInIndex = 0; lastKnownFileType = sourcecode.c.objc; name = CDVJpegHeaderWriter.m; path = "cordova-plugin-camera/CDVJpegHeaderWriter.m"; sourceTree = "<group>"; };
		B3EE3A2376944DE9879FF803 /* CDVCamera.m */ = {isa = PBXFileReference; explicitFileType = undefined; fileEncoding = 4; includeInIndex = 0; lastKnownFileType = sourcecode.c.objc; name = CDVCamera.m; path = "cordova-plugin-camera/CDVCamera.m"; sourceTree = "<group>"; };
		BBA963DCC47940DE884B3840 /* CDVExif.h */ = {isa = PBXFileReference; explicitFileType = undefined; fileEncoding = 4; includeInIndex = 0; lastKnownFileType = sourcecode.c.h; name = CDVExif.h; path = "cordova-plugin-camera/CDVExif.h"; sourceTree = "<group>"; };
		C6A2C08D8A5548CFB8564D28 /* CDVViewController+SplashScreen.h */ = {isa = PBXFileReference; explicitFileType = undefined; fileEncoding = 4; includeInIndex = 0; lastKnownFileType = sourcecode.c.h; name = "CDVViewController+SplashScreen.h"; path = "cordova-plugin-splashscreen/CDVViewController+SplashScreen.h"; sourceTree = "<group>"; };
		C7DE44F1729A4A258E51332B /* IonicKeyboard.h */ = {isa = PBXFileReference; explicitFileType = undefined; fileEncoding = 4; includeInIndex = 0; lastKnownFileType = sourcecode.c.h; name = IonicKeyboard.h; path = "ionic-plugin-keyboard/IonicKeyboard.h"; sourceTree = "<group>"; };
		C880E2DB927346449B7EAA66 /* CDVJpegHeaderWriter.h */ = {isa = PBXFileReference; explicitFileType = undefined; fileEncoding = 4; includeInIndex = 0; lastKnownFileType = sourcecode.c.h; name = CDVJpegHeaderWriter.h; path = "cordova-plugin-camera/CDVJpegHeaderWriter.h"; sourceTree = "<group>"; };
		CD4EC3405E684731B687BA2D /* CDVViewController+SplashScreen.m */ = {isa = PBXFileReference; explicitFileType = undefined; fileEncoding = 4; includeInIndex = 0; lastKnownFileType = sourcecode.c.objc; name = "CDVViewController+SplashScreen.m"; path = "cordova-plugin-splashscreen/CDVViewController+SplashScreen.m"; sourceTree = "<group>"; };
		D10486226396446CB19E1500 /* CDVLocalFilesystem.m */ = {isa = PBXFileReference; explicitFileType = undefined; fileEncoding = 4; includeInIndex = 0; lastKnownFileType = sourcecode.c.objc; name = CDVLocalFilesystem.m; path = "cordova-plugin-file/CDVLocalFilesystem.m"; sourceTree = "<group>"; };
		D1F1E162AA514889A2999C27 /* UIImage+CropScaleOrientation.h */ = {isa = PBXFileReference; explicitFileType = undefined; fileEncoding = 4; includeInIndex = 0; lastKnownFileType = sourcecode.c.h; name = "UIImage+CropScaleOrientation.h"; path = "cordova-plugin-camera/UIImage+CropScaleOrientation.h"; sourceTree = "<group>"; };
		D2CC0A4F9BA743899AB8029B /* CDVDevice.m */ = {isa = PBXFileReference; explicitFileType = undefined; fileEncoding = 4; includeInIndex = 0; lastKnownFileType = sourcecode.c.objc; name = CDVDevice.m; path = "cordova-plugin-device/CDVDevice.m"; sourceTree = "<group>"; };
		EAE69AD45DEA4987935A8383 /* CDVCamera.h */ = {isa = PBXFileReference; explicitFileType = undefined; fileEncoding = 4; includeInIndex = 0; lastKnownFileType = sourcecode.c.h; name = CDVCamera.h; path = "cordova-plugin-camera/CDVCamera.h"; sourceTree = "<group>"; };
		EB87FDF31871DA8E0020F90C /* www */ = {isa = PBXFileReference; lastKnownFileType = folder; name = www; path = ../../www; sourceTree = "<group>"; };
		EB87FDF41871DAF40020F90C /* config.xml */ = {isa = PBXFileReference; lastKnownFileType = text.xml; name = config.xml; path = ../../config.xml; sourceTree = "<group>"; };
		ED33DF2A687741AEAF9F8254 /* Bridging-Header.h */ = {isa = PBXFileReference; fileEncoding = 4; lastKnownFileType = sourcecode.c.h; path = "Bridging-Header.h"; sourceTree = "<group>"; };
		F6638E3B3F284CC2A7026CF6 /* CDVStatusBar.m */ = {isa = PBXFileReference; explicitFileType = undefined; fileEncoding = 4; includeInIndex = 0; lastKnownFileType = sourcecode.c.objc; name = CDVStatusBar.m; path = "cordova-plugin-statusbar/CDVStatusBar.m"; sourceTree = "<group>"; };
		F840E1F0165FE0F500CFE078 /* config.xml */ = {isa = PBXFileReference; lastKnownFileType = text.xml; name = config.xml; path = Agendog/config.xml; sourceTree = "<group>"; };
		FCF35D0A16FB435D805D994D /* CDVAssetLibraryFilesystem.m */ = {isa = PBXFileReference; explicitFileType = undefined; fileEncoding = 4; includeInIndex = 0; lastKnownFileType = sourcecode.c.objc; name = CDVAssetLibraryFilesystem.m; path = "cordova-plugin-file/CDVAssetLibraryFilesystem.m"; sourceTree = "<group>"; };
		671FCF2599BA4C2C896D7BCB /* AppDelegate+APPAppEvent.m */ = {isa = PBXFileReference; name = "AppDelegate+APPAppEvent.m"; path = "cordova-plugin-app-event/AppDelegate+APPAppEvent.m"; sourceTree = "<group>"; fileEncoding = 4; lastKnownFileType = sourcecode.c.objc; explicitFileType = undefined; includeInIndex = 0; };
		145B2BA1130C42A995802EDD /* CDVPlugin+APPAppEvent.m */ = {isa = PBXFileReference; name = "CDVPlugin+APPAppEvent.m"; path = "cordova-plugin-app-event/CDVPlugin+APPAppEvent.m"; sourceTree = "<group>"; fileEncoding = 4; lastKnownFileType = sourcecode.c.objc; explicitFileType = undefined; includeInIndex = 0; };
		72DB03DE04FD4A86AC62358F /* AppDelegate+APPAppEvent.h */ = {isa = PBXFileReference; name = "AppDelegate+APPAppEvent.h"; path = "cordova-plugin-app-event/AppDelegate+APPAppEvent.h"; sourceTree = "<group>"; fileEncoding = 4; lastKnownFileType = sourcecode.c.h; explicitFileType = undefined; includeInIndex = 0; };
		7FDFCF71D76E4B339303D7DB /* CDVPlugin+APPAppEvent.h */ = {isa = PBXFileReference; name = "CDVPlugin+APPAppEvent.h"; path = "cordova-plugin-app-event/CDVPlugin+APPAppEvent.h"; sourceTree = "<group>"; fileEncoding = 4; lastKnownFileType = sourcecode.c.h; explicitFileType = undefined; includeInIndex = 0; };
		109177010E7048BE851F6FE6 /* APPAppEventDelegate.h */ = {isa = PBXFileReference; name = "APPAppEventDelegate.h"; path = "cordova-plugin-app-event/APPAppEventDelegate.h"; sourceTree = "<group>"; fileEncoding = 4; lastKnownFileType = sourcecode.c.h; explicitFileType = undefined; includeInIndex = 0; };
		6B5194DAFE1C4CF2939D9061 /* APPLocalNotification.m */ = {isa = PBXFileReference; name = "APPLocalNotification.m"; path = "de.appplant.cordova.plugin.local-notification/APPLocalNotification.m"; sourceTree = "<group>"; fileEncoding = 4; lastKnownFileType = sourcecode.c.objc; explicitFileType = undefined; includeInIndex = 0; };
		7731423F94E84ED5A8201407 /* APPLocalNotificationOptions.m */ = {isa = PBXFileReference; name = "APPLocalNotificationOptions.m"; path = "de.appplant.cordova.plugin.local-notification/APPLocalNotificationOptions.m"; sourceTree = "<group>"; fileEncoding = 4; lastKnownFileType = sourcecode.c.objc; explicitFileType = undefined; includeInIndex = 0; };
		D6820DDBAF9645CD805EEA67 /* UIApplication+APPLocalNotification.m */ = {isa = PBXFileReference; name = "UIApplication+APPLocalNotification.m"; path = "de.appplant.cordova.plugin.local-notification/UIApplication+APPLocalNotification.m"; sourceTree = "<group>"; fileEncoding = 4; lastKnownFileType = sourcecode.c.objc; explicitFileType = undefined; includeInIndex = 0; };
		2CBFA222E75841898BC5AE96 /* UILocalNotification+APPLocalNotification.m */ = {isa = PBXFileReference; name = "UILocalNotification+APPLocalNotification.m"; path = "de.appplant.cordova.plugin.local-notification/UILocalNotification+APPLocalNotification.m"; sourceTree = "<group>"; fileEncoding = 4; lastKnownFileType = sourcecode.c.objc; explicitFileType = undefined; includeInIndex = 0; };
		19EDE87E8C194BFCAEF947B9 /* APPLocalNotification.h */ = {isa = PBXFileReference; name = "APPLocalNotification.h"; path = "de.appplant.cordova.plugin.local-notification/APPLocalNotification.h"; sourceTree = "<group>"; fileEncoding = 4; lastKnownFileType = sourcecode.c.h; explicitFileType = undefined; includeInIndex = 0; };
		ACF8A3CE325E4F538F5315AC /* APPLocalNotificationOptions.h */ = {isa = PBXFileReference; name = "APPLocalNotificationOptions.h"; path = "de.appplant.cordova.plugin.local-notification/APPLocalNotificationOptions.h"; sourceTree = "<group>"; fileEncoding = 4; lastKnownFileType = sourcecode.c.h; explicitFileType = undefined; includeInIndex = 0; };
		A5245B6182CF4B74A3F20FD0 /* UIApplication+APPLocalNotification.h */ = {isa = PBXFileReference; name = "UIApplication+APPLocalNotification.h"; path = "de.appplant.cordova.plugin.local-notification/UIApplication+APPLocalNotification.h"; sourceTree = "<group>"; fileEncoding = 4; lastKnownFileType = sourcecode.c.h; explicitFileType = undefined; includeInIndex = 0; };
		820EB0C7D15F44ADB484A8C8 /* UILocalNotification+APPLocalNotification.h */ = {isa = PBXFileReference; name = "UILocalNotification+APPLocalNotification.h"; path = "de.appplant.cordova.plugin.local-notification/UILocalNotification+APPLocalNotification.h"; sourceTree = "<group>"; fileEncoding = 4; lastKnownFileType = sourcecode.c.h; explicitFileType = undefined; includeInIndex = 0; };
		802216C02F5B4AA2902EC321 /* AppDelegate+notification.m */ = {isa = PBXFileReference; name = "AppDelegate+notification.m"; path = "phonegap-plugin-push/AppDelegate+notification.m"; sourceTree = "<group>"; fileEncoding = 4; lastKnownFileType = sourcecode.c.objc; explicitFileType = undefined; includeInIndex = 0; };
		AF6228B5A13D4FEEB03A60A3 /* PushPlugin.m */ = {isa = PBXFileReference; name = "PushPlugin.m"; path = "phonegap-plugin-push/PushPlugin.m"; sourceTree = "<group>"; fileEncoding = 4; lastKnownFileType = sourcecode.c.objc; explicitFileType = undefined; includeInIndex = 0; };
		D969EC8D944B4A71A9FA719C /* libGGLCloudMessaging.a */ = {isa = PBXFileReference; name = "libGGLCloudMessaging.a"; path = "Agendog/Plugins/phonegap-plugin-push/GCM/Libraries/libGGLCloudMessaging.a"; sourceTree = "<group>"; fileEncoding = undefined; lastKnownFileType = archive.ar; explicitFileType = undefined; includeInIndex = 0; };
		738119C9D40246F1A3752D81 /* libGGLCore.a */ = {isa = PBXFileReference; name = "libGGLCore.a"; path = "Agendog/Plugins/phonegap-plugin-push/GCM/Libraries/libGGLCore.a"; sourceTree = "<group>"; fileEncoding = undefined; lastKnownFileType = archive.ar; explicitFileType = undefined; includeInIndex = 0; };
		7A15E261CB28428498D28C29 /* libGGLInstanceIDLib.a */ = {isa = PBXFileReference; name = "libGGLInstanceIDLib.a"; path = "Agendog/Plugins/phonegap-plugin-push/GCM/Libraries/libGGLInstanceIDLib.a"; sourceTree = "<group>"; fileEncoding = undefined; lastKnownFileType = archive.ar; explicitFileType = undefined; includeInIndex = 0; };
		9C12B9128A16450D9FC15E9F /* libGIP_Reachability.a */ = {isa = PBXFileReference; name = "libGIP_Reachability.a"; path = "Agendog/Plugins/phonegap-plugin-push/GCM/Libraries/libGIP_Reachability.a"; sourceTree = "<group>"; fileEncoding = undefined; lastKnownFileType = archive.ar; explicitFileType = undefined; includeInIndex = 0; };
		061FFA9586114C5F9F083B16 /* libGSDK_Overload.a */ = {isa = PBXFileReference; name = "libGSDK_Overload.a"; path = "Agendog/Plugins/phonegap-plugin-push/GCM/Libraries/libGSDK_Overload.a"; sourceTree = "<group>"; fileEncoding = undefined; lastKnownFileType = archive.ar; explicitFileType = undefined; includeInIndex = 0; };
		35650A7DEF3A4E49A831CA82 /* libGTMSessionFetcher_core.a */ = {isa = PBXFileReference; name = "libGTMSessionFetcher_core.a"; path = "Agendog/Plugins/phonegap-plugin-push/GCM/Libraries/libGTMSessionFetcher_core.a"; sourceTree = "<group>"; fileEncoding = undefined; lastKnownFileType = archive.ar; explicitFileType = undefined; includeInIndex = 0; };
		FC60822C5C3448AD960CBF74 /* libGTMSessionFetcher_full.a */ = {isa = PBXFileReference; name = "libGTMSessionFetcher_full.a"; path = "Agendog/Plugins/phonegap-plugin-push/GCM/Libraries/libGTMSessionFetcher_full.a"; sourceTree = "<group>"; fileEncoding = undefined; lastKnownFileType = archive.ar; explicitFileType = undefined; includeInIndex = 0; };
		E97DC34C07784108833145F5 /* libGTMStackTrace.a */ = {isa = PBXFileReference; name = "libGTMStackTrace.a"; path = "Agendog/Plugins/phonegap-plugin-push/GCM/Libraries/libGTMStackTrace.a"; sourceTree = "<group>"; fileEncoding = undefined; lastKnownFileType = archive.ar; explicitFileType = undefined; includeInIndex = 0; };
		AAB9DBA3C1CA43CBBBCB848D /* libGTM_AddressBook.a */ = {isa = PBXFileReference; name = "libGTM_AddressBook.a"; path = "Agendog/Plugins/phonegap-plugin-push/GCM/Libraries/libGTM_AddressBook.a"; sourceTree = "<group>"; fileEncoding = undefined; lastKnownFileType = archive.ar; explicitFileType = undefined; includeInIndex = 0; };
		610454C9A0BF4146BF9FDE8E /* libGTM_DebugUtils.a */ = {isa = PBXFileReference; name = "libGTM_DebugUtils.a"; path = "Agendog/Plugins/phonegap-plugin-push/GCM/Libraries/libGTM_DebugUtils.a"; sourceTree = "<group>"; fileEncoding = undefined; lastKnownFileType = archive.ar; explicitFileType = undefined; includeInIndex = 0; };
		6CD9BDAAEE8B452B903FBE8A /* libGTM_GTMURLBuilder.a */ = {isa = PBXFileReference; name = "libGTM_GTMURLBuilder.a"; path = "Agendog/Plugins/phonegap-plugin-push/GCM/Libraries/libGTM_GTMURLBuilder.a"; sourceTree = "<group>"; fileEncoding = undefined; lastKnownFileType = archive.ar; explicitFileType = undefined; includeInIndex = 0; };
		7DD61BB812CA4AF58B2A30C2 /* libGTM_KVO.a */ = {isa = PBXFileReference; name = "libGTM_KVO.a"; path = "Agendog/Plugins/phonegap-plugin-push/GCM/Libraries/libGTM_KVO.a"; sourceTree = "<group>"; fileEncoding = undefined; lastKnownFileType = archive.ar; explicitFileType = undefined; includeInIndex = 0; };
		FF0E112EA29146E6B2EB7625 /* libGTM_NSData+zlib.a */ = {isa = PBXFileReference; name = "libGTM_NSData+zlib.a"; path = "Agendog/Plugins/phonegap-plugin-push/GCM/Libraries/libGTM_NSData+zlib.a"; sourceTree = "<group>"; fileEncoding = undefined; lastKnownFileType = archive.ar; explicitFileType = undefined; includeInIndex = 0; };
		CF923A8372C6486A9E9EE7EA /* libGTM_NSDictionary+URLArguments.a */ = {isa = PBXFileReference; name = "libGTM_NSDictionary+URLArguments.a"; path = "Agendog/Plugins/phonegap-plugin-push/GCM/Libraries/libGTM_NSDictionary+URLArguments.a"; sourceTree = "<group>"; fileEncoding = undefined; lastKnownFileType = archive.ar; explicitFileType = undefined; includeInIndex = 0; };
		4F770067A88E433DB47AF22C /* libGTM_NSScannerJSON.a */ = {isa = PBXFileReference; name = "libGTM_NSScannerJSON.a"; path = "Agendog/Plugins/phonegap-plugin-push/GCM/Libraries/libGTM_NSScannerJSON.a"; sourceTree = "<group>"; fileEncoding = undefined; lastKnownFileType = archive.ar; explicitFileType = undefined; includeInIndex = 0; };
		32136D5406C1448DA69F3049 /* libGTM_NSStringHTML.a */ = {isa = PBXFileReference; name = "libGTM_NSStringHTML.a"; path = "Agendog/Plugins/phonegap-plugin-push/GCM/Libraries/libGTM_NSStringHTML.a"; sourceTree = "<group>"; fileEncoding = undefined; lastKnownFileType = archive.ar; explicitFileType = undefined; includeInIndex = 0; };
		161A78D21C684DEF95EAAB4E /* libGTM_NSStringXML.a */ = {isa = PBXFileReference; name = "libGTM_NSStringXML.a"; path = "Agendog/Plugins/phonegap-plugin-push/GCM/Libraries/libGTM_NSStringXML.a"; sourceTree = "<group>"; fileEncoding = undefined; lastKnownFileType = archive.ar; explicitFileType = undefined; includeInIndex = 0; };
		17A413760D664F59B19F89BF /* libGTM_Regex.a */ = {isa = PBXFileReference; name = "libGTM_Regex.a"; path = "Agendog/Plugins/phonegap-plugin-push/GCM/Libraries/libGTM_Regex.a"; sourceTree = "<group>"; fileEncoding = undefined; lastKnownFileType = archive.ar; explicitFileType = undefined; includeInIndex = 0; };
		CA8016B3D18A40D481646E0D /* libGTM_RoundedRectPath.a */ = {isa = PBXFileReference; name = "libGTM_RoundedRectPath.a"; path = "Agendog/Plugins/phonegap-plugin-push/GCM/Libraries/libGTM_RoundedRectPath.a"; sourceTree = "<group>"; fileEncoding = undefined; lastKnownFileType = archive.ar; explicitFileType = undefined; includeInIndex = 0; };
		3892A5EC9EBC4621A8C294B9 /* libGTM_StringEncoding.a */ = {isa = PBXFileReference; name = "libGTM_StringEncoding.a"; path = "Agendog/Plugins/phonegap-plugin-push/GCM/Libraries/libGTM_StringEncoding.a"; sourceTree = "<group>"; fileEncoding = undefined; lastKnownFileType = archive.ar; explicitFileType = undefined; includeInIndex = 0; };
		1E950B8522794CBEAA3A0F26 /* libGTM_SystemVersion.a */ = {isa = PBXFileReference; name = "libGTM_SystemVersion.a"; path = "Agendog/Plugins/phonegap-plugin-push/GCM/Libraries/libGTM_SystemVersion.a"; sourceTree = "<group>"; fileEncoding = undefined; lastKnownFileType = archive.ar; explicitFileType = undefined; includeInIndex = 0; };
		817FA9C6E0A44F7ABFFDB844 /* libGTM_UIFont+LineHeight.a */ = {isa = PBXFileReference; name = "libGTM_UIFont+LineHeight.a"; path = "Agendog/Plugins/phonegap-plugin-push/GCM/Libraries/libGTM_UIFont+LineHeight.a"; sourceTree = "<group>"; fileEncoding = undefined; lastKnownFileType = archive.ar; explicitFileType = undefined; includeInIndex = 0; };
		ABCEDB9E51BA4A058EE516DD /* libGTM_core.a */ = {isa = PBXFileReference; name = "libGTM_core.a"; path = "Agendog/Plugins/phonegap-plugin-push/GCM/Libraries/libGTM_core.a"; sourceTree = "<group>"; fileEncoding = undefined; lastKnownFileType = archive.ar; explicitFileType = undefined; includeInIndex = 0; };
		76BF9C839CB84978B5C127D5 /* libGTM_iPhone.a */ = {isa = PBXFileReference; name = "libGTM_iPhone.a"; path = "Agendog/Plugins/phonegap-plugin-push/GCM/Libraries/libGTM_iPhone.a"; sourceTree = "<group>"; fileEncoding = undefined; lastKnownFileType = archive.ar; explicitFileType = undefined; includeInIndex = 0; };
		52F015880AA145EEB806B208 /* libGcmLib.a */ = {isa = PBXFileReference; name = "libGcmLib.a"; path = "Agendog/Plugins/phonegap-plugin-push/GCM/Libraries/libGcmLib.a"; sourceTree = "<group>"; fileEncoding = undefined; lastKnownFileType = archive.ar; explicitFileType = undefined; includeInIndex = 0; };
		BFA279EF5E894500A18258CE /* libProtocolBuffers.a */ = {isa = PBXFileReference; name = "libProtocolBuffers.a"; path = "Agendog/Plugins/phonegap-plugin-push/GCM/Libraries/libProtocolBuffers.a"; sourceTree = "<group>"; fileEncoding = undefined; lastKnownFileType = archive.ar; explicitFileType = undefined; includeInIndex = 0; };
		9AC26D4FA7CB43F0BCE70BC2 /* AppDelegate+notification.h */ = {isa = PBXFileReference; name = "AppDelegate+notification.h"; path = "phonegap-plugin-push/AppDelegate+notification.h"; sourceTree = "<group>"; fileEncoding = 4; lastKnownFileType = sourcecode.c.h; explicitFileType = undefined; includeInIndex = 0; };
		DE32F27D293B4C1CB6C610D9 /* PushPlugin.h */ = {isa = PBXFileReference; name = "PushPlugin.h"; path = "phonegap-plugin-push/PushPlugin.h"; sourceTree = "<group>"; fileEncoding = 4; lastKnownFileType = sourcecode.c.h; explicitFileType = undefined; includeInIndex = 0; };
		0F096F6B3D7C4975B2B7A0F0 /* GGLInstanceID.h */ = {isa = PBXFileReference; name = "GGLInstanceID.h"; path = "phonegap-plugin-push/GCM/Headers/GGLInstanceID.h"; sourceTree = "<group>"; fileEncoding = 4; lastKnownFileType = sourcecode.c.h; explicitFileType = undefined; includeInIndex = 0; };
		1A18A7DDD5CF48F89C1162BF /* GGLInstanceIDConfig.h */ = {isa = PBXFileReference; name = "GGLInstanceIDConfig.h"; path = "phonegap-plugin-push/GCM/Headers/GGLInstanceIDConfig.h"; sourceTree = "<group>"; fileEncoding = 4; lastKnownFileType = sourcecode.c.h; explicitFileType = undefined; includeInIndex = 0; };
		B6D01E84C69A4531B98E61AB /* GGLInstanceIDDelegate.h */ = {isa = PBXFileReference; name = "GGLInstanceIDDelegate.h"; path = "phonegap-plugin-push/GCM/Headers/GGLInstanceIDDelegate.h"; sourceTree = "<group>"; fileEncoding = 4; lastKnownFileType = sourcecode.c.h; explicitFileType = undefined; includeInIndex = 0; };
		03F9BDA7432948298A9FEEB6 /* GGLInstanceIDHeaders.h */ = {isa = PBXFileReference; name = "GGLInstanceIDHeaders.h"; path = "phonegap-plugin-push/GCM/Headers/GGLInstanceIDHeaders.h"; sourceTree = "<group>"; fileEncoding = 4; lastKnownFileType = sourcecode.c.h; explicitFileType = undefined; includeInIndex = 0; };
		61E0A7A268C2403C9163F27F /* CloudMessaging.h */ = {isa = PBXFileReference; name = "CloudMessaging.h"; path = "phonegap-plugin-push/GCM/Headers/CloudMessaging.h"; sourceTree = "<group>"; fileEncoding = 4; lastKnownFileType = sourcecode.c.h; explicitFileType = undefined; includeInIndex = 0; };
		5078655769324D1B81A7D0A0 /* GGLContext+CloudMessaging.h */ = {isa = PBXFileReference; name = "GGLContext+CloudMessaging.h"; path = "phonegap-plugin-push/GCM/Headers/GGLContext+CloudMessaging.h"; sourceTree = "<group>"; fileEncoding = 4; lastKnownFileType = sourcecode.c.h; explicitFileType = undefined; includeInIndex = 0; };
		553A0522D0C64874926217FD /* Core.h */ = {isa = PBXFileReference; name = "Core.h"; path = "phonegap-plugin-push/GCM/Headers/Core.h"; sourceTree = "<group>"; fileEncoding = 4; lastKnownFileType = sourcecode.c.h; explicitFileType = undefined; includeInIndex = 0; };
		5C2DA29C206540FE8696DC5A /* GGLConfiguration.h */ = {isa = PBXFileReference; name = "GGLConfiguration.h"; path = "phonegap-plugin-push/GCM/Headers/GGLConfiguration.h"; sourceTree = "<group>"; fileEncoding = 4; lastKnownFileType = sourcecode.c.h; explicitFileType = undefined; includeInIndex = 0; };
		5A02DABB9FA04D17A3460AC1 /* GGLContext.h */ = {isa = PBXFileReference; name = "GGLContext.h"; path = "phonegap-plugin-push/GCM/Headers/GGLContext.h"; sourceTree = "<group>"; fileEncoding = 4; lastKnownFileType = sourcecode.c.h; explicitFileType = undefined; includeInIndex = 0; };
		9058B934D2904638877AE8C1 /* GGLErrorCode.h */ = {isa = PBXFileReference; name = "GGLErrorCode.h"; path = "phonegap-plugin-push/GCM/Headers/GGLErrorCode.h"; sourceTree = "<group>"; fileEncoding = 4; lastKnownFileType = sourcecode.c.h; explicitFileType = undefined; includeInIndex = 0; };
		DBB72A15C0C54866B34FFF03 /* GCMConfig.h */ = {isa = PBXFileReference; name = "GCMConfig.h"; path = "phonegap-plugin-push/GCM/Headers/GCMConfig.h"; sourceTree = "<group>"; fileEncoding = 4; lastKnownFileType = sourcecode.c.h; explicitFileType = undefined; includeInIndex = 0; };
		20FC8D7461994E5480895879 /* GCMPubSub.h */ = {isa = PBXFileReference; name = "GCMPubSub.h"; path = "phonegap-plugin-push/GCM/Headers/GCMPubSub.h"; sourceTree = "<group>"; fileEncoding = 4; lastKnownFileType = sourcecode.c.h; explicitFileType = undefined; includeInIndex = 0; };
		5B234334166A400A8B438D6F /* GCMReceiverDelegate.h */ = {isa = PBXFileReference; name = "GCMReceiverDelegate.h"; path = "phonegap-plugin-push/GCM/Headers/GCMReceiverDelegate.h"; sourceTree = "<group>"; fileEncoding = 4; lastKnownFileType = sourcecode.c.h; explicitFileType = undefined; includeInIndex = 0; };
		B7F9E9630DA94561AA34C34C /* GCMService.h */ = {isa = PBXFileReference; name = "GCMService.h"; path = "phonegap-plugin-push/GCM/Headers/GCMService.h"; sourceTree = "<group>"; fileEncoding = 4; lastKnownFileType = sourcecode.c.h; explicitFileType = undefined; includeInIndex = 0; };
		8B24EB0B40EC4481814D90A7 /* GoogleCloudMessaging.h */ = {isa = PBXFileReference; name = "GoogleCloudMessaging.h"; path = "phonegap-plugin-push/GCM/Headers/GoogleCloudMessaging.h"; sourceTree = "<group>"; fileEncoding = 4; lastKnownFileType = sourcecode.c.h; explicitFileType = undefined; includeInIndex = 0; };
		003C4C2A1CE4459ABA66F758 /* AddressBook.framework */ = {isa = PBXFileReference; name = "AddressBook.framework"; path = "System/Library/Frameworks/AddressBook.framework"; sourceTree = SDKROOT; fileEncoding = undefined; lastKnownFileType = wrapper.framework; explicitFileType = undefined; includeInIndex = 0; };
		CF27B8D1672C4300ACE964E5 /* libsqlite3.tbd */ = {isa = PBXFileReference; name = "libsqlite3.tbd"; path = "libsqlite3.tbd"; sourceTree = "<group>"; fileEncoding = undefined; lastKnownFileType = unknown; explicitFileType = undefined; includeInIndex = 0; };
		1AAFFAC0935C4493AFEE06E9 /* libz.tbd */ = {isa = PBXFileReference; name = "libz.tbd"; path = "libz.tbd"; sourceTree = "<group>"; fileEncoding = undefined; lastKnownFileType = unknown; explicitFileType = undefined; includeInIndex = 0; };
/* End PBXFileReference section */

/* Begin PBXFrameworksBuildPhase section */
		1D60588F0D05DD3D006BFB54 /* Frameworks */ = {
			isa = PBXFrameworksBuildPhase;
			buildActionMask = 2147483647;
			files = (
				301BF552109A68D80062928A /* libCordova.a in Frameworks */,
				3323B98E76E047018D721208 /* ImageIO.framework in Frameworks */,
				A2C6B5D5BA4D4EB1B4F393A3 /* CoreLocation.framework in Frameworks */,
				A728650571BA44E8938E7375 /* AVFoundation.framework in Frameworks */,
				D797C0A21C7B42A1B436B6E0 /* libGGLCloudMessaging.a in Frameworks */,
				B57100CB60B64353A1B89D34 /* libGGLCore.a in Frameworks */,
				F37E719550324B69B0F74B29 /* libGGLInstanceIDLib.a in Frameworks */,
				2A446389B02D4AF5815EB99F /* libGIP_Reachability.a in Frameworks */,
				EC5AF1E1498342ADBB546B4A /* libGSDK_Overload.a in Frameworks */,
				95716E31BC134FCAA0D288BE /* libGTMSessionFetcher_core.a in Frameworks */,
				9CCF989629B0477CB64FB634 /* libGTMSessionFetcher_full.a in Frameworks */,
				701CED9B38354F258B9690ED /* libGTMStackTrace.a in Frameworks */,
				3C6B97EEC41F4022A2CBCC36 /* libGTM_AddressBook.a in Frameworks */,
				3A3696FF3BE94D33B794CAEB /* libGTM_DebugUtils.a in Frameworks */,
				270D62277A1446F899445F56 /* libGTM_GTMURLBuilder.a in Frameworks */,
				6676D4E7CB8E4AF285CC2FE8 /* libGTM_KVO.a in Frameworks */,
				1AFBA4109AA2425F83B34C6A /* libGTM_NSData+zlib.a in Frameworks */,
				BF05C519BAEC45E3B63A91AD /* libGTM_NSDictionary+URLArguments.a in Frameworks */,
				FAD7C3029F784CEF8FF5D9A3 /* libGTM_NSScannerJSON.a in Frameworks */,
				755B0526BEE34AB194F7B778 /* libGTM_NSStringHTML.a in Frameworks */,
				18BA58BDEF874F0B8E882AEA /* libGTM_NSStringXML.a in Frameworks */,
				1D14CE9F674F4F3B885713B9 /* libGTM_Regex.a in Frameworks */,
				460207B9F5084406B0B2F4F8 /* libGTM_RoundedRectPath.a in Frameworks */,
				2FE7679F6176447B94232EF8 /* libGTM_StringEncoding.a in Frameworks */,
				9F8254D118174E528E47396F /* libGTM_SystemVersion.a in Frameworks */,
				879EC534B17D418BBA8C779B /* libGTM_UIFont+LineHeight.a in Frameworks */,
				39085D0479184507BA55817B /* libGTM_core.a in Frameworks */,
				3FC2B9CDAC1E41C3BB24AC7E /* libGTM_iPhone.a in Frameworks */,
				29A6965050434ADDBCE8917F /* libGcmLib.a in Frameworks */,
				195E9922DBDD4A0AA58CE6CF /* libProtocolBuffers.a in Frameworks */,
				AD4662BA651F420DA5C4580A /* AddressBook.framework in Frameworks */,
				32990E5177B0495689E5C80D /* libsqlite3.tbd in Resources */,
				7F6E379189BC4AF38940D562 /* libz.tbd in Resources */,
			);
			runOnlyForDeploymentPostprocessing = 0;
		};
/* End PBXFrameworksBuildPhase section */

/* Begin PBXGroup section */
		080E96DDFE201D6D7F000001 /* Classes */ = {
			isa = PBXGroup;
			children = (
				302D95EE14D2391D003F00A1 /* MainViewController.h */,
				302D95EF14D2391D003F00A1 /* MainViewController.m */,
				302D95F014D2391D003F00A1 /* MainViewController.xib */,
				1D3623240D0F684500981E51 /* AppDelegate.h */,
				1D3623250D0F684500981E51 /* AppDelegate.m */,
			);
			name = Classes;
			path = Agendog/Classes;
			sourceTree = SOURCE_ROOT;
		};
		19C28FACFE9D520D11CA2CBB /* Products */ = {
			isa = PBXGroup;
			children = (
				1D6058910D05DD3D006BFB54 /* Agendog.app */,
			);
			name = Products;
			sourceTree = "<group>";
		};
		29B97314FDCFA39411CA2CEA /* CustomTemplate */ = {
			isa = PBXGroup;
			children = (
				EB87FDF41871DAF40020F90C /* config.xml */,
				EB87FDF31871DA8E0020F90C /* www */,
				EB87FDF11871DA420020F90C /* Staging */,
				301BF52D109A57CC0062928A /* CordovaLib.xcodeproj */,
				080E96DDFE201D6D7F000001 /* Classes */,
				307C750510C5A3420062BCA9 /* Plugins */,
				29B97315FDCFA39411CA2CEA /* Other Sources */,
				29B97317FDCFA39411CA2CEA /* Resources */,
				29B97323FDCFA39411CA2CEA /* Frameworks */,
				19C28FACFE9D520D11CA2CBB /* Products */,
			);
			name = CustomTemplate;
			sourceTree = "<group>";
		};
		29B97315FDCFA39411CA2CEA /* Other Sources */ = {
			isa = PBXGroup;
			children = (
				32CA4F630368D1EE00C91783 /* Agendog-Prefix.pch */,
				29B97316FDCFA39411CA2CEA /* main.m */,
				ED33DF2A687741AEAF9F8254 /* Bridging-Header.h */,
			);
			name = "Other Sources";
			path = Agendog;
			sourceTree = "<group>";
		};
		29B97317FDCFA39411CA2CEA /* Resources */ = {
			isa = PBXGroup;
			children = (
				0207DA571B56EA530066E2B4 /* Images.xcassets */,
				3047A50E1AB8057F00498E2A /* config */,
				8D1107310486CEB800E47090 /* Agendog-Info.plist */,
			);
			name = Resources;
			path = Agendog/Resources;
			sourceTree = "<group>";
		};
		29B97323FDCFA39411CA2CEA /* Frameworks */ = {
			isa = PBXGroup;
			children = (
				79C7283EDA6C4D659701B41B /* ImageIO.framework */,
				643A804182394C1D959511DC /* CoreLocation.framework */,
				21443B4B849C4EF19905B06C /* AVFoundation.framework */,
				D969EC8D944B4A71A9FA719C /* libGGLCloudMessaging.a */,
				738119C9D40246F1A3752D81 /* libGGLCore.a */,
				7A15E261CB28428498D28C29 /* libGGLInstanceIDLib.a */,
				9C12B9128A16450D9FC15E9F /* libGIP_Reachability.a */,
				061FFA9586114C5F9F083B16 /* libGSDK_Overload.a */,
				35650A7DEF3A4E49A831CA82 /* libGTMSessionFetcher_core.a */,
				FC60822C5C3448AD960CBF74 /* libGTMSessionFetcher_full.a */,
				E97DC34C07784108833145F5 /* libGTMStackTrace.a */,
				AAB9DBA3C1CA43CBBBCB848D /* libGTM_AddressBook.a */,
				610454C9A0BF4146BF9FDE8E /* libGTM_DebugUtils.a */,
				6CD9BDAAEE8B452B903FBE8A /* libGTM_GTMURLBuilder.a */,
				7DD61BB812CA4AF58B2A30C2 /* libGTM_KVO.a */,
				FF0E112EA29146E6B2EB7625 /* libGTM_NSData+zlib.a */,
				CF923A8372C6486A9E9EE7EA /* libGTM_NSDictionary+URLArguments.a */,
				4F770067A88E433DB47AF22C /* libGTM_NSScannerJSON.a */,
				32136D5406C1448DA69F3049 /* libGTM_NSStringHTML.a */,
				161A78D21C684DEF95EAAB4E /* libGTM_NSStringXML.a */,
				17A413760D664F59B19F89BF /* libGTM_Regex.a */,
				CA8016B3D18A40D481646E0D /* libGTM_RoundedRectPath.a */,
				3892A5EC9EBC4621A8C294B9 /* libGTM_StringEncoding.a */,
				1E950B8522794CBEAA3A0F26 /* libGTM_SystemVersion.a */,
				817FA9C6E0A44F7ABFFDB844 /* libGTM_UIFont+LineHeight.a */,
				ABCEDB9E51BA4A058EE516DD /* libGTM_core.a */,
				76BF9C839CB84978B5C127D5 /* libGTM_iPhone.a */,
				52F015880AA145EEB806B208 /* libGcmLib.a */,
				BFA279EF5E894500A18258CE /* libProtocolBuffers.a */,
				003C4C2A1CE4459ABA66F758 /* AddressBook.framework */,
				CF27B8D1672C4300ACE964E5 /* libsqlite3.tbd */,
				1AAFFAC0935C4493AFEE06E9 /* libz.tbd */,
			);
			name = Frameworks;
			sourceTree = "<group>";
		};
		301BF52E109A57CC0062928A /* Products */ = {
			isa = PBXGroup;
			children = (
				301BF535109A57CC0062928A /* libCordova.a */,
			);
			name = Products;
			sourceTree = "<group>";
		};
		3047A50E1AB8057F00498E2A /* config */ = {
			isa = PBXGroup;
			children = (
				3047A50F1AB8059700498E2A /* build-debug.xcconfig */,
				3047A5101AB8059700498E2A /* build-release.xcconfig */,
				3047A5111AB8059700498E2A /* build.xcconfig */,
			);
			name = config;
			sourceTree = "<group>";
		};
		307C750510C5A3420062BCA9 /* Plugins */ = {
			isa = PBXGroup;
			children = (
				285BD557A67A4941AB3D4D88 /* CDVLogger.m */,
				9562850DA8EB48C5ABD73FB2 /* CDVLogger.h */,
				D2CC0A4F9BA743899AB8029B /* CDVDevice.m */,
				61E02629FD3D4565BB678418 /* CDVDevice.h */,
				9AD6882844254C588DFC6DAB /* CDVSplashScreen.m */,
				CD4EC3405E684731B687BA2D /* CDVViewController+SplashScreen.m */,
				86B25D53D88E4C0492CED638 /* CDVSplashScreen.h */,
				C6A2C08D8A5548CFB8564D28 /* CDVViewController+SplashScreen.h */,
				F6638E3B3F284CC2A7026CF6 /* CDVStatusBar.m */,
				4636DB5335E54AD7B6B60BCE /* CDVStatusBar.h */,
				0C3D77D9A0024537B252D727 /* IonicKeyboard.m */,
				C7DE44F1729A4A258E51332B /* IonicKeyboard.h */,
				19132C8C66CF42E6A49F753D /* UIImage+CropScaleOrientation.m */,
				B3EE3A2376944DE9879FF803 /* CDVCamera.m */,
				9E788288333F4EB5B25051C0 /* CDVJpegHeaderWriter.m */,
				D1F1E162AA514889A2999C27 /* UIImage+CropScaleOrientation.h */,
				EAE69AD45DEA4987935A8383 /* CDVCamera.h */,
				C880E2DB927346449B7EAA66 /* CDVJpegHeaderWriter.h */,
				BBA963DCC47940DE884B3840 /* CDVExif.h */,
				6E7913C97BD8483E8E1D60AB /* CDVFile.m */,
				D10486226396446CB19E1500 /* CDVLocalFilesystem.m */,
				FCF35D0A16FB435D805D994D /* CDVAssetLibraryFilesystem.m */,
				948384681FE944509E1A2B00 /* CDVFile.h */,
				671FA5914E1142959318D036 /* CDVLocalFilesystem.h */,
				2695DCB27BEE499D82496EDD /* CDVAssetLibraryFilesystem.h */,
				63810B0636A644FCB5F86D6B /* CDVInAppBrowser.m */,
				9A6CE9D502504C81A2C9C3A0 /* CDVInAppBrowser.h */,
				671FCF2599BA4C2C896D7BCB /* AppDelegate+APPAppEvent.m */,
				145B2BA1130C42A995802EDD /* CDVPlugin+APPAppEvent.m */,
				72DB03DE04FD4A86AC62358F /* AppDelegate+APPAppEvent.h */,
				7FDFCF71D76E4B339303D7DB /* CDVPlugin+APPAppEvent.h */,
				109177010E7048BE851F6FE6 /* APPAppEventDelegate.h */,
				6B5194DAFE1C4CF2939D9061 /* APPLocalNotification.m */,
				7731423F94E84ED5A8201407 /* APPLocalNotificationOptions.m */,
				D6820DDBAF9645CD805EEA67 /* UIApplication+APPLocalNotification.m */,
				2CBFA222E75841898BC5AE96 /* UILocalNotification+APPLocalNotification.m */,
				19EDE87E8C194BFCAEF947B9 /* APPLocalNotification.h */,
				ACF8A3CE325E4F538F5315AC /* APPLocalNotificationOptions.h */,
				A5245B6182CF4B74A3F20FD0 /* UIApplication+APPLocalNotification.h */,
				820EB0C7D15F44ADB484A8C8 /* UILocalNotification+APPLocalNotification.h */,
				802216C02F5B4AA2902EC321 /* AppDelegate+notification.m */,
				AF6228B5A13D4FEEB03A60A3 /* PushPlugin.m */,
				9AC26D4FA7CB43F0BCE70BC2 /* AppDelegate+notification.h */,
				DE32F27D293B4C1CB6C610D9 /* PushPlugin.h */,
				0F096F6B3D7C4975B2B7A0F0 /* GGLInstanceID.h */,
				1A18A7DDD5CF48F89C1162BF /* GGLInstanceIDConfig.h */,
				B6D01E84C69A4531B98E61AB /* GGLInstanceIDDelegate.h */,
				03F9BDA7432948298A9FEEB6 /* GGLInstanceIDHeaders.h */,
				61E0A7A268C2403C9163F27F /* CloudMessaging.h */,
				5078655769324D1B81A7D0A0 /* GGLContext+CloudMessaging.h */,
				553A0522D0C64874926217FD /* Core.h */,
				5C2DA29C206540FE8696DC5A /* GGLConfiguration.h */,
				5A02DABB9FA04D17A3460AC1 /* GGLContext.h */,
				9058B934D2904638877AE8C1 /* GGLErrorCode.h */,
				DBB72A15C0C54866B34FFF03 /* GCMConfig.h */,
				20FC8D7461994E5480895879 /* GCMPubSub.h */,
				5B234334166A400A8B438D6F /* GCMReceiverDelegate.h */,
				B7F9E9630DA94561AA34C34C /* GCMService.h */,
				8B24EB0B40EC4481814D90A7 /* GoogleCloudMessaging.h */,
			);
			name = Plugins;
			path = Agendog/Plugins;
			sourceTree = SOURCE_ROOT;
		};
		EB87FDF11871DA420020F90C /* Staging */ = {
			isa = PBXGroup;
			children = (
				F840E1F0165FE0F500CFE078 /* config.xml */,
				301BF56E109A69640062928A /* www */,
			);
			name = Staging;
			sourceTree = "<group>";
		};
/* End PBXGroup section */

/* Begin PBXNativeTarget section */
		1D6058900D05DD3D006BFB54 /* Agendog */ = {
			isa = PBXNativeTarget;
			buildConfigurationList = 1D6058960D05DD3E006BFB54 /* Build configuration list for PBXNativeTarget "Agendog" */;
			buildPhases = (
				304B58A110DAC018002A0835 /* Copy www directory */,
				1D60588D0D05DD3D006BFB54 /* Resources */,
				1D60588E0D05DD3D006BFB54 /* Sources */,
				1D60588F0D05DD3D006BFB54 /* Frameworks */,
			);
			buildRules = (
			);
			dependencies = (
				301BF551109A68C00062928A /* PBXTargetDependency */,
			);
			name = Agendog;
			productName = Agendog;
			productReference = 1D6058910D05DD3D006BFB54 /* Agendog.app */;
			productType = "com.apple.product-type.application";
		};
/* End PBXNativeTarget section */

/* Begin PBXProject section */
		29B97313FDCFA39411CA2CEA /* Project object */ = {
			isa = PBXProject;
			attributes = {
				LastUpgradeCheck = 510;
				TargetAttributes = {
					1D6058900D05DD3D006BFB54 = {
						DevelopmentTeam = K9M6TEM47Y;
					};
				};
			};
			buildConfigurationList = C01FCF4E08A954540054247B /* Build configuration list for PBXProject "Agendog" */;
			compatibilityVersion = "Xcode 3.2";
			developmentRegion = English;
			hasScannedForEncodings = 1;
			knownRegions = (
				en,
			);
			mainGroup = 29B97314FDCFA39411CA2CEA /* CustomTemplate */;
			projectDirPath = "";
			projectReferences = (
				{
					ProductGroup = 301BF52E109A57CC0062928A /* Products */;
					ProjectRef = 301BF52D109A57CC0062928A /* CordovaLib.xcodeproj */;
				},
			);
			projectRoot = "";
			targets = (
				1D6058900D05DD3D006BFB54 /* Agendog */,
			);
		};
/* End PBXProject section */

/* Begin PBXReferenceProxy section */
		301BF535109A57CC0062928A /* libCordova.a */ = {
			isa = PBXReferenceProxy;
			fileType = archive.ar;
			path = libCordova.a;
			remoteRef = 301BF534109A57CC0062928A /* PBXContainerItemProxy */;
			sourceTree = BUILT_PRODUCTS_DIR;
		};
/* End PBXReferenceProxy section */

/* Begin PBXResourcesBuildPhase section */
		1D60588D0D05DD3D006BFB54 /* Resources */ = {
			isa = PBXResourcesBuildPhase;
			buildActionMask = 2147483647;
			files = (
				302D95F214D2391D003F00A1 /* MainViewController.xib in Resources */,
				3047A5131AB8059700498E2A /* build-release.xcconfig in Resources */,
				3047A5141AB8059700498E2A /* build.xcconfig in Resources */,
				0207DA581B56EA530066E2B4 /* Images.xcassets in Resources */,
				3047A5121AB8059700498E2A /* build-debug.xcconfig in Resources */,
			);
			runOnlyForDeploymentPostprocessing = 0;
		};
/* End PBXResourcesBuildPhase section */

/* Begin PBXShellScriptBuildPhase section */
		304B58A110DAC018002A0835 /* Copy www directory */ = {
			isa = PBXShellScriptBuildPhase;
			buildActionMask = 2147483647;
			files = (
			);
			inputPaths = (
			);
			name = "Copy www directory";
			outputPaths = (
			);
			runOnlyForDeploymentPostprocessing = 0;
			shellPath = /bin/sh;
			shellScript = "NODEJS_PATH=/usr/local/bin; NVM_NODE_PATH=~/.nvm/versions/node/`nvm version 2>/dev/null`/bin; N_NODE_PATH=`find /usr/local/n/versions/node/* -maxdepth 0 -type d 2>/dev/null | tail -1`/bin; XCODE_NODE_PATH=`xcode-select --print-path`/usr/share/xcs/Node/bin; PATH=$NODEJS_PATH:$NVM_NODE_PATH:$N_NODE_PATH:$XCODE_NODE_PATH:$PATH && node cordova/lib/copy-www-build-step.js";
			showEnvVarsInLog = 0;
		};
/* End PBXShellScriptBuildPhase section */

/* Begin PBXSourcesBuildPhase section */
		1D60588E0D05DD3D006BFB54 /* Sources */ = {
			isa = PBXSourcesBuildPhase;
			buildActionMask = 2147483647;
			files = (
				1D60589B0D05DD56006BFB54 /* main.m in Sources */,
				1D3623260D0F684500981E51 /* AppDelegate.m in Sources */,
				302D95F114D2391D003F00A1 /* MainViewController.m in Sources */,
				F3184D6A09D943789E760E25 /* CDVLogger.m in Sources */,
				BDCFEE5CC9D94220A7B985B0 /* CDVDevice.m in Sources */,
				3FB5C03B6FC447BC94C283E0 /* CDVSplashScreen.m in Sources */,
				4317F6DD254C47F6A06176C7 /* CDVViewController+SplashScreen.m in Sources */,
				6181B9DCE8DB4C06858A6FDD /* CDVStatusBar.m in Sources */,
				AA6E1E7AA96743B191BC3E02 /* IonicKeyboard.m in Sources */,
				3283A7E2BD6744A4A2668168 /* UIImage+CropScaleOrientation.m in Sources */,
				FCAF0EB98ECB4ED7AC27ACC6 /* CDVCamera.m in Sources */,
				4E6BA9949285486BAE4EF0FB /* CDVJpegHeaderWriter.m in Sources */,
				315C2EE49DBD4633ADF887E0 /* CDVFile.m in Sources */,
				ACA780DEA1774464AD2BFA64 /* CDVLocalFilesystem.m in Sources */,
				C7DF6177456C42A981CDB0FD /* CDVAssetLibraryFilesystem.m in Sources */,
				13DE93BC810743D4BF55C16C /* CDVInAppBrowser.m in Sources */,
				77A67F240D9743A0BADDD1A8 /* AppDelegate+APPAppEvent.m in Sources */,
				CB2AD91C22024C899097EAC4 /* CDVPlugin+APPAppEvent.m in Sources */,
				A9F0C266F75C4CAA89A15D42 /* APPLocalNotification.m in Sources */,
				9E37A77635DF4CD181CA240E /* APPLocalNotificationOptions.m in Sources */,
				77236B6E3F5C4B599D6E56DF /* UIApplication+APPLocalNotification.m in Sources */,
				C0E77F42DFA24751A849E798 /* UILocalNotification+APPLocalNotification.m in Sources */,
				A4773768D3B948B0911B91CC /* AppDelegate+notification.m in Sources */,
				9C45557958064C19A67A7C6D /* PushPlugin.m in Sources */,
			);
			runOnlyForDeploymentPostprocessing = 0;
		};
/* End PBXSourcesBuildPhase section */

/* Begin PBXTargetDependency section */
		301BF551109A68C00062928A /* PBXTargetDependency */ = {
			isa = PBXTargetDependency;
			name = CordovaLib;
			targetProxy = 301BF550109A68C00062928A /* PBXContainerItemProxy */;
		};
/* End PBXTargetDependency section */

/* Begin XCBuildConfiguration section */
		1D6058940D05DD3E006BFB54 /* Debug */ = {
			isa = XCBuildConfiguration;
			baseConfigurationReference = 3047A50F1AB8059700498E2A /* build-debug.xcconfig */;
			buildSettings = {
				ALWAYS_SEARCH_USER_PATHS = NO;
				ASSETCATALOG_COMPILER_APPICON_NAME = AppIcon;
				ASSETCATALOG_COMPILER_LAUNCHIMAGE_NAME = LaunchImage;
				CLANG_ENABLE_MODULES = YES;
				CLANG_ENABLE_OBJC_ARC = YES;
				COPY_PHASE_STRIP = NO;
				DEVELOPMENT_TEAM = K9M6TEM47Y;
				GCC_DYNAMIC_NO_PIC = NO;
				GCC_OPTIMIZATION_LEVEL = 0;
				GCC_PRECOMPILE_PREFIX_HEADER = YES;
				GCC_PREFIX_HEADER = "Agendog/Agendog-Prefix.pch";
				GCC_THUMB_SUPPORT = NO;
				GCC_VERSION = "";
				INFOPLIST_FILE = "Agendog/Agendog-Info.plist";
				LD_RUNPATH_SEARCH_PATHS = "@executable_path/Frameworks";
				PRODUCT_NAME = Agendog;
				LIBRARY_SEARCH_PATHS = (
					"$(inherited)",
					"\"$(SRCROOT)/Agendog/Plugins/phonegap-plugin-push/GCM/Libraries\"",
					"\"$(SRCROOT)/Agendog/Plugins/phonegap-plugin-push/GCM/Libraries\"",
					"\"$(SRCROOT)/Agendog/Plugins/phonegap-plugin-push/GCM/Libraries\"",
					"\"$(SRCROOT)/Agendog/Plugins/phonegap-plugin-push/GCM/Libraries\"",
					"\"$(SRCROOT)/Agendog/Plugins/phonegap-plugin-push/GCM/Libraries\"",
					"\"$(SRCROOT)/Agendog/Plugins/phonegap-plugin-push/GCM/Libraries\"",
					"\"$(SRCROOT)/Agendog/Plugins/phonegap-plugin-push/GCM/Libraries\"",
					"\"$(SRCROOT)/Agendog/Plugins/phonegap-plugin-push/GCM/Libraries\"",
					"\"$(SRCROOT)/Agendog/Plugins/phonegap-plugin-push/GCM/Libraries\"",
					"\"$(SRCROOT)/Agendog/Plugins/phonegap-plugin-push/GCM/Libraries\"",
					"\"$(SRCROOT)/Agendog/Plugins/phonegap-plugin-push/GCM/Libraries\"",
					"\"$(SRCROOT)/Agendog/Plugins/phonegap-plugin-push/GCM/Libraries\"",
					"\"$(SRCROOT)/Agendog/Plugins/phonegap-plugin-push/GCM/Libraries\"",
					"\"$(SRCROOT)/Agendog/Plugins/phonegap-plugin-push/GCM/Libraries\"",
					"\"$(SRCROOT)/Agendog/Plugins/phonegap-plugin-push/GCM/Libraries\"",
					"\"$(SRCROOT)/Agendog/Plugins/phonegap-plugin-push/GCM/Libraries\"",
					"\"$(SRCROOT)/Agendog/Plugins/phonegap-plugin-push/GCM/Libraries\"",
					"\"$(SRCROOT)/Agendog/Plugins/phonegap-plugin-push/GCM/Libraries\"",
					"\"$(SRCROOT)/Agendog/Plugins/phonegap-plugin-push/GCM/Libraries\"",
					"\"$(SRCROOT)/Agendog/Plugins/phonegap-plugin-push/GCM/Libraries\"",
					"\"$(SRCROOT)/Agendog/Plugins/phonegap-plugin-push/GCM/Libraries\"",
					"\"$(SRCROOT)/Agendog/Plugins/phonegap-plugin-push/GCM/Libraries\"",
					"\"$(SRCROOT)/Agendog/Plugins/phonegap-plugin-push/GCM/Libraries\"",
					"\"$(SRCROOT)/Agendog/Plugins/phonegap-plugin-push/GCM/Libraries\"",
					"\"$(SRCROOT)/Agendog/Plugins/phonegap-plugin-push/GCM/Libraries\"",
					"\"$(SRCROOT)/Agendog/Plugins/phonegap-plugin-push/GCM/Libraries\"",
				);
			};
			name = Debug;
		};
		1D6058950D05DD3E006BFB54 /* Release */ = {
			isa = XCBuildConfiguration;
			baseConfigurationReference = 3047A5101AB8059700498E2A /* build-release.xcconfig */;
			buildSettings = {
				ALWAYS_SEARCH_USER_PATHS = NO;
				ASSETCATALOG_COMPILER_APPICON_NAME = AppIcon;
				ASSETCATALOG_COMPILER_LAUNCHIMAGE_NAME = LaunchImage;
				CLANG_ENABLE_MODULES = YES;
				CLANG_ENABLE_OBJC_ARC = YES;
				COPY_PHASE_STRIP = YES;
				DEVELOPMENT_TEAM = K9M6TEM47Y;
				GCC_PRECOMPILE_PREFIX_HEADER = YES;
				GCC_PREFIX_HEADER = "Agendog/Agendog-Prefix.pch";
				GCC_THUMB_SUPPORT = NO;
				GCC_VERSION = "";
				INFOPLIST_FILE = "Agendog/Agendog-Info.plist";
				PRODUCT_NAME = Agendog;
				LIBRARY_SEARCH_PATHS = (
					"$(inherited)",
					"\"$(SRCROOT)/Agendog/Plugins/phonegap-plugin-push/GCM/Libraries\"",
					"\"$(SRCROOT)/Agendog/Plugins/phonegap-plugin-push/GCM/Libraries\"",
					"\"$(SRCROOT)/Agendog/Plugins/phonegap-plugin-push/GCM/Libraries\"",
					"\"$(SRCROOT)/Agendog/Plugins/phonegap-plugin-push/GCM/Libraries\"",
					"\"$(SRCROOT)/Agendog/Plugins/phonegap-plugin-push/GCM/Libraries\"",
					"\"$(SRCROOT)/Agendog/Plugins/phonegap-plugin-push/GCM/Libraries\"",
					"\"$(SRCROOT)/Agendog/Plugins/phonegap-plugin-push/GCM/Libraries\"",
					"\"$(SRCROOT)/Agendog/Plugins/phonegap-plugin-push/GCM/Libraries\"",
					"\"$(SRCROOT)/Agendog/Plugins/phonegap-plugin-push/GCM/Libraries\"",
					"\"$(SRCROOT)/Agendog/Plugins/phonegap-plugin-push/GCM/Libraries\"",
					"\"$(SRCROOT)/Agendog/Plugins/phonegap-plugin-push/GCM/Libraries\"",
					"\"$(SRCROOT)/Agendog/Plugins/phonegap-plugin-push/GCM/Libraries\"",
					"\"$(SRCROOT)/Agendog/Plugins/phonegap-plugin-push/GCM/Libraries\"",
					"\"$(SRCROOT)/Agendog/Plugins/phonegap-plugin-push/GCM/Libraries\"",
					"\"$(SRCROOT)/Agendog/Plugins/phonegap-plugin-push/GCM/Libraries\"",
					"\"$(SRCROOT)/Agendog/Plugins/phonegap-plugin-push/GCM/Libraries\"",
					"\"$(SRCROOT)/Agendog/Plugins/phonegap-plugin-push/GCM/Libraries\"",
					"\"$(SRCROOT)/Agendog/Plugins/phonegap-plugin-push/GCM/Libraries\"",
					"\"$(SRCROOT)/Agendog/Plugins/phonegap-plugin-push/GCM/Libraries\"",
					"\"$(SRCROOT)/Agendog/Plugins/phonegap-plugin-push/GCM/Libraries\"",
					"\"$(SRCROOT)/Agendog/Plugins/phonegap-plugin-push/GCM/Libraries\"",
					"\"$(SRCROOT)/Agendog/Plugins/phonegap-plugin-push/GCM/Libraries\"",
					"\"$(SRCROOT)/Agendog/Plugins/phonegap-plugin-push/GCM/Libraries\"",
					"\"$(SRCROOT)/Agendog/Plugins/phonegap-plugin-push/GCM/Libraries\"",
					"\"$(SRCROOT)/Agendog/Plugins/phonegap-plugin-push/GCM/Libraries\"",
					"\"$(SRCROOT)/Agendog/Plugins/phonegap-plugin-push/GCM/Libraries\"",
				);
			};
			name = Release;
		};
		C01FCF4F08A954540054247B /* Debug */ = {
			isa = XCBuildConfiguration;
			baseConfigurationReference = 3047A5111AB8059700498E2A /* build.xcconfig */;
			buildSettings = {
				CLANG_ENABLE_MODULES = YES;
				CLANG_ENABLE_OBJC_ARC = YES;
				CLANG_WARN_BOOL_CONVERSION = YES;
				CLANG_WARN_CONSTANT_CONVERSION = YES;
				CLANG_WARN_EMPTY_BODY = YES;
				CLANG_WARN_ENUM_CONVERSION = YES;
				CLANG_WARN_INT_CONVERSION = YES;
				CLANG_WARN__DUPLICATE_METHOD_MATCH = YES;
				GCC_C_LANGUAGE_STANDARD = c99;
				GCC_THUMB_SUPPORT = NO;
				GCC_VERSION = "";
				GCC_WARN_ABOUT_RETURN_TYPE = YES;
				GCC_WARN_UNDECLARED_SELECTOR = YES;
				GCC_WARN_UNINITIALIZED_AUTOS = YES;
				GCC_WARN_UNUSED_FUNCTION = YES;
				GCC_WARN_UNUSED_VARIABLE = YES;
				ONLY_ACTIVE_ARCH = YES;
				PRODUCT_NAME = Agendog;
				SDKROOT = iphoneos;
				SKIP_INSTALL = NO;
				LIBRARY_SEARCH_PATHS = (
					"$(inherited)",
					"\"$(SRCROOT)/Agendog/Plugins/phonegap-plugin-push/GCM/Libraries\"",
					"\"$(SRCROOT)/Agendog/Plugins/phonegap-plugin-push/GCM/Libraries\"",
					"\"$(SRCROOT)/Agendog/Plugins/phonegap-plugin-push/GCM/Libraries\"",
					"\"$(SRCROOT)/Agendog/Plugins/phonegap-plugin-push/GCM/Libraries\"",
					"\"$(SRCROOT)/Agendog/Plugins/phonegap-plugin-push/GCM/Libraries\"",
					"\"$(SRCROOT)/Agendog/Plugins/phonegap-plugin-push/GCM/Libraries\"",
					"\"$(SRCROOT)/Agendog/Plugins/phonegap-plugin-push/GCM/Libraries\"",
					"\"$(SRCROOT)/Agendog/Plugins/phonegap-plugin-push/GCM/Libraries\"",
					"\"$(SRCROOT)/Agendog/Plugins/phonegap-plugin-push/GCM/Libraries\"",
					"\"$(SRCROOT)/Agendog/Plugins/phonegap-plugin-push/GCM/Libraries\"",
					"\"$(SRCROOT)/Agendog/Plugins/phonegap-plugin-push/GCM/Libraries\"",
					"\"$(SRCROOT)/Agendog/Plugins/phonegap-plugin-push/GCM/Libraries\"",
					"\"$(SRCROOT)/Agendog/Plugins/phonegap-plugin-push/GCM/Libraries\"",
					"\"$(SRCROOT)/Agendog/Plugins/phonegap-plugin-push/GCM/Libraries\"",
					"\"$(SRCROOT)/Agendog/Plugins/phonegap-plugin-push/GCM/Libraries\"",
					"\"$(SRCROOT)/Agendog/Plugins/phonegap-plugin-push/GCM/Libraries\"",
					"\"$(SRCROOT)/Agendog/Plugins/phonegap-plugin-push/GCM/Libraries\"",
					"\"$(SRCROOT)/Agendog/Plugins/phonegap-plugin-push/GCM/Libraries\"",
					"\"$(SRCROOT)/Agendog/Plugins/phonegap-plugin-push/GCM/Libraries\"",
					"\"$(SRCROOT)/Agendog/Plugins/phonegap-plugin-push/GCM/Libraries\"",
					"\"$(SRCROOT)/Agendog/Plugins/phonegap-plugin-push/GCM/Libraries\"",
					"\"$(SRCROOT)/Agendog/Plugins/phonegap-plugin-push/GCM/Libraries\"",
					"\"$(SRCROOT)/Agendog/Plugins/phonegap-plugin-push/GCM/Libraries\"",
					"\"$(SRCROOT)/Agendog/Plugins/phonegap-plugin-push/GCM/Libraries\"",
					"\"$(SRCROOT)/Agendog/Plugins/phonegap-plugin-push/GCM/Libraries\"",
					"\"$(SRCROOT)/Agendog/Plugins/phonegap-plugin-push/GCM/Libraries\"",
				);
			};
			name = Debug;
		};
		C01FCF5008A954540054247B /* Release */ = {
			isa = XCBuildConfiguration;
			baseConfigurationReference = 3047A5111AB8059700498E2A /* build.xcconfig */;
			buildSettings = {
				CLANG_ENABLE_MODULES = YES;
				CLANG_ENABLE_OBJC_ARC = YES;
				CLANG_WARN_BOOL_CONVERSION = YES;
				CLANG_WARN_CONSTANT_CONVERSION = YES;
				CLANG_WARN_EMPTY_BODY = YES;
				CLANG_WARN_ENUM_CONVERSION = YES;
				CLANG_WARN_INT_CONVERSION = YES;
				CLANG_WARN__DUPLICATE_METHOD_MATCH = YES;
				GCC_C_LANGUAGE_STANDARD = c99;
				GCC_THUMB_SUPPORT = NO;
				GCC_VERSION = "";
				GCC_WARN_ABOUT_RETURN_TYPE = YES;
				GCC_WARN_UNDECLARED_SELECTOR = YES;
				GCC_WARN_UNINITIALIZED_AUTOS = YES;
				GCC_WARN_UNUSED_FUNCTION = YES;
				GCC_WARN_UNUSED_VARIABLE = YES;
				PRODUCT_NAME = Agendog;
				SDKROOT = iphoneos;
				SKIP_INSTALL = NO;
				LIBRARY_SEARCH_PATHS = (
					"$(inherited)",
					"\"$(SRCROOT)/Agendog/Plugins/phonegap-plugin-push/GCM/Libraries\"",
					"\"$(SRCROOT)/Agendog/Plugins/phonegap-plugin-push/GCM/Libraries\"",
					"\"$(SRCROOT)/Agendog/Plugins/phonegap-plugin-push/GCM/Libraries\"",
					"\"$(SRCROOT)/Agendog/Plugins/phonegap-plugin-push/GCM/Libraries\"",
					"\"$(SRCROOT)/Agendog/Plugins/phonegap-plugin-push/GCM/Libraries\"",
					"\"$(SRCROOT)/Agendog/Plugins/phonegap-plugin-push/GCM/Libraries\"",
					"\"$(SRCROOT)/Agendog/Plugins/phonegap-plugin-push/GCM/Libraries\"",
					"\"$(SRCROOT)/Agendog/Plugins/phonegap-plugin-push/GCM/Libraries\"",
					"\"$(SRCROOT)/Agendog/Plugins/phonegap-plugin-push/GCM/Libraries\"",
					"\"$(SRCROOT)/Agendog/Plugins/phonegap-plugin-push/GCM/Libraries\"",
					"\"$(SRCROOT)/Agendog/Plugins/phonegap-plugin-push/GCM/Libraries\"",
					"\"$(SRCROOT)/Agendog/Plugins/phonegap-plugin-push/GCM/Libraries\"",
					"\"$(SRCROOT)/Agendog/Plugins/phonegap-plugin-push/GCM/Libraries\"",
					"\"$(SRCROOT)/Agendog/Plugins/phonegap-plugin-push/GCM/Libraries\"",
					"\"$(SRCROOT)/Agendog/Plugins/phonegap-plugin-push/GCM/Libraries\"",
					"\"$(SRCROOT)/Agendog/Plugins/phonegap-plugin-push/GCM/Libraries\"",
					"\"$(SRCROOT)/Agendog/Plugins/phonegap-plugin-push/GCM/Libraries\"",
					"\"$(SRCROOT)/Agendog/Plugins/phonegap-plugin-push/GCM/Libraries\"",
					"\"$(SRCROOT)/Agendog/Plugins/phonegap-plugin-push/GCM/Libraries\"",
					"\"$(SRCROOT)/Agendog/Plugins/phonegap-plugin-push/GCM/Libraries\"",
					"\"$(SRCROOT)/Agendog/Plugins/phonegap-plugin-push/GCM/Libraries\"",
					"\"$(SRCROOT)/Agendog/Plugins/phonegap-plugin-push/GCM/Libraries\"",
					"\"$(SRCROOT)/Agendog/Plugins/phonegap-plugin-push/GCM/Libraries\"",
					"\"$(SRCROOT)/Agendog/Plugins/phonegap-plugin-push/GCM/Libraries\"",
					"\"$(SRCROOT)/Agendog/Plugins/phonegap-plugin-push/GCM/Libraries\"",
					"\"$(SRCROOT)/Agendog/Plugins/phonegap-plugin-push/GCM/Libraries\"",
				);
			};
			name = Release;
		};
/* End XCBuildConfiguration section */

/* Begin XCConfigurationList section */
		1D6058960D05DD3E006BFB54 /* Build configuration list for PBXNativeTarget "Agendog" */ = {
			isa = XCConfigurationList;
			buildConfigurations = (
				1D6058940D05DD3E006BFB54 /* Debug */,
				1D6058950D05DD3E006BFB54 /* Release */,
			);
			defaultConfigurationIsVisible = 0;
			defaultConfigurationName = Release;
		};
		C01FCF4E08A954540054247B /* Build configuration list for PBXProject "Agendog" */ = {
			isa = XCConfigurationList;
			buildConfigurations = (
				C01FCF4F08A954540054247B /* Debug */,
				C01FCF5008A954540054247B /* Release */,
			);
			defaultConfigurationIsVisible = 0;
			defaultConfigurationName = Release;
		};
/* End XCConfigurationList section */
	};
	rootObject = 29B97313FDCFA39411CA2CEA /* Project object */;
}
